
Microsoft Visual Studio Solution File, Format Version 12.00
# Visual Studio 15
VisualStudioVersion = 15.0.27004.2002
MinimumVisualStudioVersion = 10.0.40219.1
Project("{FAE04EC0-301F-11D3-BF4B-00C04F79EFBC}") = "zzzTestingIEnumerable", "zzzTestingIEnumerable\zzzTestingIEnumerable.csproj", "{118200FA-1CD0-4BF9-86E8-7975235B255A}"
EndProject
Project("{FAE04EC0-301F-11D3-BF4B-00C04F79EFBC}") = "UnderstandingDelegates", "UnderstandingDelegates\UnderstandingDelegates.csproj", "{6D8E7E63-CCFB-4645-89F3-A1C36FA5F7A3}"
EndProject
Project("{FAE04EC0-301F-11D3-BF4B-00C04F79EFBC}") = "zzzzTestingDelegates", "zzzzTestingDelegates\zzzzTestingDelegates.csproj", "{65341D94-AB68-47FB-BC04-0791A45DBFB9}"
EndProject
Project("{FAE04EC0-301F-11D3-BF4B-00C04F79EFBC}") = "UnderstandingEvents", "UnderstandingEvents\UnderstandingEvents.csproj", "{0A4FCC68-62CE-4BCC-999B-682AE0B8A48C}"
EndProject
Project("{FAE04EC0-301F-11D3-BF4B-00C04F79EFBC}") = "zzzzzTestingEvents", "zzzzzTestingEvents\zzzzzTestingEvents.csproj", "{E6882E46-2D65-4443-B491-CBFB1EB4FEEF}"
EndProject
Project("{FAE04EC0-301F-11D3-BF4B-00C04F79EFBC}") = "UnderstandingInterfaces", "UnderstandingInterfaces\UnderstandingInterfaces.csproj", "{840E277A-8315-4B6D-B56C-7282B02EAB25}"
EndProject
Project("{FAE04EC0-301F-11D3-BF4B-00C04F79EFBC}") = "zzzzzTestingInterfaces", "zzzzzTestingInterfaces\zzzzzTestingInterfaces.csproj", "{532F2594-B545-4F38-8BFF-017984E9B326}"
EndProject
Project("{FAE04EC0-301F-11D3-BF4B-00C04F79EFBC}") = "CommonTypes", "CommonTypes\CommonTypes.csproj", "{E6DB7440-5486-4A6E-B6E4-C646CF2ACC77}"
EndProject
Project("{FAE04EC0-301F-11D3-BF4B-00C04F79EFBC}") = "UnderstandingIEnumerable", "UnderstandingIEnumerable\UnderstandingIEnumerable.csproj", "{32A43E6A-14D0-4F56-A0C1-77880A10B225}"
EndProject
Global
	GlobalSection(SolutionConfigurationPlatforms) = preSolution
		Debug|Any CPU = Debug|Any CPU
		Release|Any CPU = Release|Any CPU
	EndGlobalSection
	GlobalSection(ProjectConfigurationPlatforms) = postSolution
		{118200FA-1CD0-4BF9-86E8-7975235B255A}.Debug|Any CPU.ActiveCfg = Debug|Any CPU
		{118200FA-1CD0-4BF9-86E8-7975235B255A}.Debug|Any CPU.Build.0 = Debug|Any CPU
		{118200FA-1CD0-4BF9-86E8-7975235B255A}.Release|Any CPU.ActiveCfg = Release|Any CPU
		{118200FA-1CD0-4BF9-86E8-7975235B255A}.Release|Any CPU.Build.0 = Release|Any CPU
		{6D8E7E63-CCFB-4645-89F3-A1C36FA5F7A3}.Debug|Any CPU.ActiveCfg = Debug|Any CPU
		{6D8E7E63-CCFB-4645-89F3-A1C36FA5F7A3}.Debug|Any CPU.Build.0 = Debug|Any CPU
		{6D8E7E63-CCFB-4645-89F3-A1C36FA5F7A3}.Release|Any CPU.ActiveCfg = Release|Any CPU
		{6D8E7E63-CCFB-4645-89F3-A1C36FA5F7A3}.Release|Any CPU.Build.0 = Release|Any CPU
		{65341D94-AB68-47FB-BC04-0791A45DBFB9}.Debug|Any CPU.ActiveCfg = Debug|Any CPU
		{65341D94-AB68-47FB-BC04-0791A45DBFB9}.Debug|Any CPU.Build.0 = Debug|Any CPU
		{65341D94-AB68-47FB-BC04-0791A45DBFB9}.Release|Any CPU.ActiveCfg = Release|Any CPU
		{65341D94-AB68-47FB-BC04-0791A45DBFB9}.Release|Any CPU.Build.0 = Release|Any CPU
		{0A4FCC68-62CE-4BCC-999B-682AE0B8A48C}.Debug|Any CPU.ActiveCfg = Debug|Any CPU
		{0A4FCC68-62CE-4BCC-999B-682AE0B8A48C}.Debug|Any CPU.Build.0 = Debug|Any CPU
		{0A4FCC68-62CE-4BCC-999B-682AE0B8A48C}.Release|Any CPU.ActiveCfg = Release|Any CPU
		{0A4FCC68-62CE-4BCC-999B-682AE0B8A48C}.Release|Any CPU.Build.0 = Release|Any CPU
		{E6882E46-2D65-4443-B491-CBFB1EB4FEEF}.Debug|Any CPU.ActiveCfg = Debug|Any CPU
		{E6882E46-2D65-4443-B491-CBFB1EB4FEEF}.Debug|Any CPU.Build.0 = Debug|Any CPU
		{E6882E46-2D65-4443-B491-CBFB1EB4FEEF}.Release|Any CPU.ActiveCfg = Release|Any CPU
		{E6882E46-2D65-4443-B491-CBFB1EB4FEEF}.Release|Any CPU.Build.0 = Release|Any CPU
		{840E277A-8315-4B6D-B56C-7282B02EAB25}.Debug|Any CPU.ActiveCfg = Debug|Any CPU
		{840E277A-8315-4B6D-B56C-7282B02EAB25}.Debug|Any CPU.Build.0 = Debug|Any CPU
		{840E277A-8315-4B6D-B56C-7282B02EAB25}.Release|Any CPU.ActiveCfg = Release|Any CPU
		{840E277A-8315-4B6D-B56C-7282B02EAB25}.Release|Any CPU.Build.0 = Release|Any CPU
		{532F2594-B545-4F38-8BFF-017984E9B326}.Debug|Any CPU.ActiveCfg = Debug|Any CPU
		{532F2594-B545-4F38-8BFF-017984E9B326}.Debug|Any CPU.Build.0 = Debug|Any CPU
		{532F2594-B545-4F38-8BFF-017984E9B326}.Release|Any CPU.ActiveCfg = Release|Any CPU
		{532F2594-B545-4F38-8BFF-017984E9B326}.Release|Any CPU.Build.0 = Release|Any CPU
		{E6DB7440-5486-4A6E-B6E4-C646CF2ACC77}.Debug|Any CPU.ActiveCfg = Debug|Any CPU
		{E6DB7440-5486-4A6E-B6E4-C646CF2ACC77}.Debug|Any CPU.Build.0 = Debug|Any CPU
		{E6DB7440-5486-4A6E-B6E4-C646CF2ACC77}.Release|Any CPU.ActiveCfg = Release|Any CPU
		{E6DB7440-5486-4A6E-B6E4-C646CF2ACC77}.Release|Any CPU.Build.0 = Release|Any CPU
		{32A43E6A-14D0-4F56-A0C1-77880A10B225}.Debug|Any CPU.ActiveCfg = Debug|Any CPU
		{32A43E6A-14D0-4F56-A0C1-77880A10B225}.Debug|Any CPU.Build.0 = Debug|Any CPU
		{32A43E6A-14D0-4F56-A0C1-77880A10B225}.Release|Any CPU.ActiveCfg = Release|Any CPU
		{32A43E6A-14D0-4F56-A0C1-77880A10B225}.Release|Any CPU.Build.0 = Release|Any CPU
	EndGlobalSection
	GlobalSection(SolutionProperties) = preSolution
		HideSolutionNode = FALSE
	EndGlobalSection
	GlobalSection(ExtensibilityGlobals) = postSolution
		SolutionGuid = {DE6E0C4E-B700-4BBB-BC21-FEFAC952E5C3}
	EndGlobalSection
EndGlobal
